
Microsoft Visual Studio Solution File, Format Version 12.00
# Visual Studio 15
Project("{FAE04EC0-301F-11D3-BF4B-00C04F79EFBC}") = "Assembly-CSharp", "Assembly-CSharp.csproj", "{65343450-49E1-0387-83CC-3EB99FEA90D9}"
EndProject
Project("{FAE04EC0-301F-11D3-BF4B-00C04F79EFBC}") = "Assembly-CSharp-Editor", "Assembly-CSharp-Editor.csproj", "{42430BC5-72F0-1559-A7E1-8A22D0CEB50A}"
EndProject
Global
	GlobalSection(SolutionConfigurationPlatforms) = preSolution
		Debug|Any CPU = Debug|Any CPU
		Release|Any CPU = Release|Any CPU
	EndGlobalSection
	GlobalSection(ProjectConfigurationPlatforms) = postSolution
		{65343450-49E1-0387-83CC-3EB99FEA90D9}.Debug|Any CPU.ActiveCfg = Debug|Any CPU
		{65343450-49E1-0387-83CC-3EB99FEA90D9}.Debug|Any CPU.Build.0 = Debug|Any CPU
		{65343450-49E1-0387-83CC-3EB99FEA90D9}.Release|Any CPU.ActiveCfg = Release|Any CPU
		{65343450-49E1-0387-83CC-3EB99FEA90D9}.Release|Any CPU.Build.0 = Release|Any CPU
		{42430BC5-72F0-1559-A7E1-8A22D0CEB50A}.Debug|Any CPU.ActiveCfg = Debug|Any CPU
		{42430BC5-72F0-1559-A7E1-8A22D0CEB50A}.Debug|Any CPU.Build.0 = Debug|Any CPU
		{42430BC5-72F0-1559-A7E1-8A22D0CEB50A}.Release|Any CPU.ActiveCfg = Release|Any CPU
		{42430BC5-72F0-1559-A7E1-8A22D0CEB50A}.Release|Any CPU.Build.0 = Release|Any CPU
	EndGlobalSection
	GlobalSection(SolutionProperties) = preSolution
		HideSolutionNode = FALSE
	EndGlobalSection
EndGlobal
